
Microsoft Visual Studio Solution File, Format Version 12.00
# Visual Studio Version 17
VisualStudioVersion = 17.13.35931.197 d17.13
MinimumVisualStudioVersion = 10.0.40219.1
Project("{FAE04EC0-301F-11D3-BF4B-00C04F79EFBC}") = "UmbracoProjectUsync", "UmbracoProjectUsync\UmbracoProjectUsync.csproj", "{9AF7D32B-0D5C-424E-94D6-250A316A782E}"
EndProject
Global
	GlobalSection(SolutionConfigurationPlatforms) = preSolution
		Debug|Any CPU = Debug|Any CPU
		Release|Any CPU = Release|Any CPU
	EndGlobalSection
	GlobalSection(ProjectConfigurationPlatforms) = postSolution
		{9AF7D32B-0D5C-424E-94D6-250A316A782E}.Debug|Any CPU.ActiveCfg = Debug|Any CPU
		{9AF7D32B-0D5C-424E-94D6-250A316A782E}.Debug|Any CPU.Build.0 = Debug|Any CPU
		{9AF7D32B-0D5C-424E-94D6-250A316A782E}.Release|Any CPU.ActiveCfg = Release|Any CPU
		{9AF7D32B-0D5C-424E-94D6-250A316A782E}.Release|Any CPU.Build.0 = Release|Any CPU
	EndGlobalSection
	GlobalSection(SolutionProperties) = preSolution
		HideSolutionNode = FALSE
	EndGlobalSection
	GlobalSection(ExtensibilityGlobals) = postSolution
		SolutionGuid = {3A0A6395-D22A-468B-A6B9-B5BF1013B876}
	EndGlobalSection
EndGlobal
